PODS:
  - AudioKit (4.5.1):
    - AudioKit/Core (= 4.5.1)
    - AudioKit/UI (= 4.5.1)
  - AudioKit/Core (4.5.1)
  - AudioKit/UI (4.5.1):
    - AudioKit/Core

DEPENDENCIES:
  - AudioKit

SPEC REPOS:
  https://github.com/cocoapods/specs.git:
    - AudioKit

SPEC CHECKSUMS:
  AudioKit: 8154f343a24daed3ab77b76a0a45739c5f3147e5

PODFILE CHECKSUM: a80e5ccef36bfc3df626925a44f1e30b7f5747d8

COCOAPODS: 1.6.0.beta.1
