PODS:
  - AudioKit (4.4.0):
    - AudioKit/Core (= 4.4.0)
    - AudioKit/UI (= 4.4.0)
  - AudioKit/Core (4.4.0)
  - AudioKit/UI (4.4.0)

DEPENDENCIES:
  - AudioKit

SPEC REPOS:
  https://github.com/cocoapods/specs.git:
    - AudioKit

SPEC CHECKSUMS:
  AudioKit: 79c2b23cd00beb656938aa0b81b614391f17eaa3

PODFILE CHECKSUM: eb24da0873eb6f9e294dd2a4ed08fc19d9a155b0

COCOAPODS: 1.6.0.beta.1
